// !$*UTF8*$!
{
	archiveVersion = 1;
	classes = {
	};
	objectVersion = 52;
	objects = {

/* Begin PBXBuildFile section */
		361A93A8251D86AF0014B41C /* QuickCustomAliases.swift in Sources */ = {isa = PBXBuildFile; fileRef = 361A93A7251D86AF0014B41C /* QuickCustomAliases.swift */; };
		361A93AF251D87820014B41C /* ServiceMock.swift in Sources */ = {isa = PBXBuildFile; fileRef = 361A93AE251D87820014B41C /* ServiceMock.swift */; };
		361A93BB251D87FD0014B41C /* Quick in Frameworks */ = {isa = PBXBuildFile; productRef = 361A93BA251D87FD0014B41C /* Quick */; };
		361A93C4251D88460014B41C /* Nimble in Frameworks */ = {isa = PBXBuildFile; productRef = 361A93C3251D88460014B41C /* Nimble */; };
		361A93CA251D8B3B0014B41C /* ServiceModel.swift in Sources */ = {isa = PBXBuildFile; fileRef = 361A93C9251D8B3B0014B41C /* ServiceModel.swift */; };
		361A93D3251D8BAA0014B41C /* URLSessionProviderSpec.swift in Sources */ = {isa = PBXBuildFile; fileRef = 361A93D2251D8BAA0014B41C /* URLSessionProviderSpec.swift */; };
		361A93E2251D8CBA0014B41C /* HTTPMethod.swift in Sources */ = {isa = PBXBuildFile; fileRef = 361A93E1251D8CBA0014B41C /* HTTPMethod.swift */; };
		361A93E7251D8CE40014B41C /* NetworkError.swift in Sources */ = {isa = PBXBuildFile; fileRef = 361A93E6251D8CE40014B41C /* NetworkError.swift */; };
		361A93EC251D8D260014B41C /* ParametersEncoding.swift in Sources */ = {isa = PBXBuildFile; fileRef = 361A93EB251D8D260014B41C /* ParametersEncoding.swift */; };
		361A93F1251D8D460014B41C /* Task.swift in Sources */ = {isa = PBXBuildFile; fileRef = 361A93F0251D8D460014B41C /* Task.swift */; };
		361A93F6251D8D6B0014B41C /* ProviderProtocol.swift in Sources */ = {isa = PBXBuildFile; fileRef = 361A93F5251D8D6B0014B41C /* ProviderProtocol.swift */; };
		361A93FB251D8D890014B41C /* ServiceProtocol.swift in Sources */ = {isa = PBXBuildFile; fileRef = 361A93FA251D8D890014B41C /* ServiceProtocol.swift */; };
		361A9400251D8DA50014B41C /* URLSessionProtocol.swift in Sources */ = {isa = PBXBuildFile; fileRef = 361A93FF251D8DA50014B41C /* URLSessionProtocol.swift */; };
		361A9405251D8DD10014B41C /* URLSessionProvider.swift in Sources */ = {isa = PBXBuildFile; fileRef = 361A9404251D8DD10014B41C /* URLSessionProvider.swift */; };
		361A940A251D8E7D0014B41C /* NetworkResponse.swift in Sources */ = {isa = PBXBuildFile; fileRef = 361A9409251D8E7D0014B41C /* NetworkResponse.swift */; };
		361A9410251D8F1E0014B41C /* URLComponents.swift in Sources */ = {isa = PBXBuildFile; fileRef = 361A940F251D8F1E0014B41C /* URLComponents.swift */; };
		361A9418251D8F400014B41C /* URLRequest.swift in Sources */ = {isa = PBXBuildFile; fileRef = 361A9417251D8F400014B41C /* URLRequest.swift */; };
		361A9420251D95DE0014B41C /* URLSessionMock.swift in Sources */ = {isa = PBXBuildFile; fileRef = 361A941F251D95DE0014B41C /* URLSessionMock.swift */; };
		361A9425251DA2490014B41C /* URLSessionDataTaskMock.swift in Sources */ = {isa = PBXBuildFile; fileRef = 361A9424251DA2490014B41C /* URLSessionDataTaskMock.swift */; };
		361A942A251DA2860014B41C /* URLSessionDataTaskProtocol.swift in Sources */ = {isa = PBXBuildFile; fileRef = 361A9429251DA2860014B41C /* URLSessionDataTaskProtocol.swift */; };
		36268D73251C472800A8DFB8 /* Repository.swift in Sources */ = {isa = PBXBuildFile; fileRef = 36268D72251C472800A8DFB8 /* Repository.swift */; };
		364D3731251C10A000C63C2C /* AppDelegate.swift in Sources */ = {isa = PBXBuildFile; fileRef = 364D3730251C10A000C63C2C /* AppDelegate.swift */; };
		364D3733251C10A000C63C2C /* SceneDelegate.swift in Sources */ = {isa = PBXBuildFile; fileRef = 364D3732251C10A000C63C2C /* SceneDelegate.swift */; };
		364D3735251C10A000C63C2C /* BaseViewController.swift in Sources */ = {isa = PBXBuildFile; fileRef = 364D3734251C10A000C63C2C /* BaseViewController.swift */; };
		364D373A251C10A200C63C2C /* Assets.xcassets in Resources */ = {isa = PBXBuildFile; fileRef = 364D3739251C10A200C63C2C /* Assets.xcassets */; };
		364D373D251C10A200C63C2C /* LaunchScreen.storyboard in Resources */ = {isa = PBXBuildFile; fileRef = 364D373B251C10A200C63C2C /* LaunchScreen.storyboard */; };
		364D376B251C161700C63C2C /* BaseViewControllerTests.swift in Sources */ = {isa = PBXBuildFile; fileRef = 364D376A251C161700C63C2C /* BaseViewControllerTests.swift */; };
		36EF1BE9251D5145008BE0B0 /* GithubService.swift in Sources */ = {isa = PBXBuildFile; fileRef = 36EF1BE8251D5145008BE0B0 /* GithubService.swift */; };
		36EF1BF3251D5195008BE0B0 /* GithubAPI.swift in Sources */ = {isa = PBXBuildFile; fileRef = 36EF1BF2251D5195008BE0B0 /* GithubAPI.swift */; };
/* End PBXBuildFile section */

/* Begin PBXContainerItemProxy section */
		364D3744251C10A200C63C2C /* PBXContainerItemProxy */ = {
			isa = PBXContainerItemProxy;
			containerPortal = 364D3725251C10A000C63C2C /* Project object */;
			proxyType = 1;
			remoteGlobalIDString = 364D372C251C10A000C63C2C;
			remoteInfo = GithubRepoList;
		};
		364D374F251C10A200C63C2C /* PBXContainerItemProxy */ = {
			isa = PBXContainerItemProxy;
			containerPortal = 364D3725251C10A000C63C2C /* Project object */;
			proxyType = 1;
			remoteGlobalIDString = 364D372C251C10A000C63C2C;
			remoteInfo = GithubRepoList;
		};
/* End PBXContainerItemProxy section */

/* Begin PBXFileReference section */
		361A93A7251D86AF0014B41C /* QuickCustomAliases.swift */ = {isa = PBXFileReference; lastKnownFileType = sourcecode.swift; path = QuickCustomAliases.swift; sourceTree = "<group>"; };
		361A93AE251D87820014B41C /* ServiceMock.swift */ = {isa = PBXFileReference; lastKnownFileType = sourcecode.swift; path = ServiceMock.swift; sourceTree = "<group>"; };
		361A93C9251D8B3B0014B41C /* ServiceModel.swift */ = {isa = PBXFileReference; lastKnownFileType = sourcecode.swift; path = ServiceModel.swift; sourceTree = "<group>"; };
		361A93D2251D8BAA0014B41C /* URLSessionProviderSpec.swift */ = {isa = PBXFileReference; lastKnownFileType = sourcecode.swift; path = URLSessionProviderSpec.swift; sourceTree = "<group>"; };
		361A93E1251D8CBA0014B41C /* HTTPMethod.swift */ = {isa = PBXFileReference; lastKnownFileType = sourcecode.swift; path = HTTPMethod.swift; sourceTree = "<group>"; };
		361A93E6251D8CE40014B41C /* NetworkError.swift */ = {isa = PBXFileReference; lastKnownFileType = sourcecode.swift; path = NetworkError.swift; sourceTree = "<group>"; };
		361A93EB251D8D260014B41C /* ParametersEncoding.swift */ = {isa = PBXFileReference; lastKnownFileType = sourcecode.swift; path = ParametersEncoding.swift; sourceTree = "<group>"; };
		361A93F0251D8D460014B41C /* Task.swift */ = {isa = PBXFileReference; lastKnownFileType = sourcecode.swift; path = Task.swift; sourceTree = "<group>"; };
		361A93F5251D8D6B0014B41C /* ProviderProtocol.swift */ = {isa = PBXFileReference; lastKnownFileType = sourcecode.swift; path = ProviderProtocol.swift; sourceTree = "<group>"; };
		361A93FA251D8D890014B41C /* ServiceProtocol.swift */ = {isa = PBXFileReference; lastKnownFileType = sourcecode.swift; path = ServiceProtocol.swift; sourceTree = "<group>"; };
		361A93FF251D8DA50014B41C /* URLSessionProtocol.swift */ = {isa = PBXFileReference; lastKnownFileType = sourcecode.swift; path = URLSessionProtocol.swift; sourceTree = "<group>"; };
		361A9404251D8DD10014B41C /* URLSessionProvider.swift */ = {isa = PBXFileReference; lastKnownFileType = sourcecode.swift; path = URLSessionProvider.swift; sourceTree = "<group>"; };
		361A9409251D8E7D0014B41C /* NetworkResponse.swift */ = {isa = PBXFileReference; lastKnownFileType = sourcecode.swift; path = NetworkResponse.swift; sourceTree = "<group>"; };
		361A940F251D8F1E0014B41C /* URLComponents.swift */ = {isa = PBXFileReference; lastKnownFileType = sourcecode.swift; path = URLComponents.swift; sourceTree = "<group>"; };
		361A9417251D8F400014B41C /* URLRequest.swift */ = {isa = PBXFileReference; lastKnownFileType = sourcecode.swift; path = URLRequest.swift; sourceTree = "<group>"; };
		361A941F251D95DE0014B41C /* URLSessionMock.swift */ = {isa = PBXFileReference; lastKnownFileType = sourcecode.swift; path = URLSessionMock.swift; sourceTree = "<group>"; };
		361A9424251DA2490014B41C /* URLSessionDataTaskMock.swift */ = {isa = PBXFileReference; lastKnownFileType = sourcecode.swift; path = URLSessionDataTaskMock.swift; sourceTree = "<group>"; };
		361A9429251DA2860014B41C /* URLSessionDataTaskProtocol.swift */ = {isa = PBXFileReference; lastKnownFileType = sourcecode.swift; path = URLSessionDataTaskProtocol.swift; sourceTree = "<group>"; };
		36268D72251C472800A8DFB8 /* Repository.swift */ = {isa = PBXFileReference; lastKnownFileType = sourcecode.swift; path = Repository.swift; sourceTree = "<group>"; };
		364D372D251C10A000C63C2C /* GithubRepoList.app */ = {isa = PBXFileReference; explicitFileType = wrapper.application; includeInIndex = 0; path = GithubRepoList.app; sourceTree = BUILT_PRODUCTS_DIR; };
		364D3730251C10A000C63C2C /* AppDelegate.swift */ = {isa = PBXFileReference; lastKnownFileType = sourcecode.swift; path = AppDelegate.swift; sourceTree = "<group>"; };
		364D3732251C10A000C63C2C /* SceneDelegate.swift */ = {isa = PBXFileReference; lastKnownFileType = sourcecode.swift; path = SceneDelegate.swift; sourceTree = "<group>"; };
		364D3734251C10A000C63C2C /* BaseViewController.swift */ = {isa = PBXFileReference; lastKnownFileType = sourcecode.swift; path = BaseViewController.swift; sourceTree = "<group>"; };
		364D3739251C10A200C63C2C /* Assets.xcassets */ = {isa = PBXFileReference; lastKnownFileType = folder.assetcatalog; path = Assets.xcassets; sourceTree = "<group>"; };
		364D373C251C10A200C63C2C /* Base */ = {isa = PBXFileReference; lastKnownFileType = file.storyboard; name = Base; path = Base.lproj/LaunchScreen.storyboard; sourceTree = "<group>"; };
		364D373E251C10A200C63C2C /* Info.plist */ = {isa = PBXFileReference; lastKnownFileType = text.plist.xml; path = Info.plist; sourceTree = "<group>"; };
		364D3743251C10A200C63C2C /* GithubRepoListTests.xctest */ = {isa = PBXFileReference; explicitFileType = wrapper.cfbundle; includeInIndex = 0; path = GithubRepoListTests.xctest; sourceTree = BUILT_PRODUCTS_DIR; };
		364D3749251C10A200C63C2C /* Info.plist */ = {isa = PBXFileReference; lastKnownFileType = text.plist.xml; path = Info.plist; sourceTree = "<group>"; };
		364D374E251C10A200C63C2C /* GithubRepoListUITests.xctest */ = {isa = PBXFileReference; explicitFileType = wrapper.cfbundle; includeInIndex = 0; path = GithubRepoListUITests.xctest; sourceTree = BUILT_PRODUCTS_DIR; };
		364D3754251C10A200C63C2C /* Info.plist */ = {isa = PBXFileReference; lastKnownFileType = text.plist.xml; path = Info.plist; sourceTree = "<group>"; };
		364D376A251C161700C63C2C /* BaseViewControllerTests.swift */ = {isa = PBXFileReference; lastKnownFileType = sourcecode.swift; path = BaseViewControllerTests.swift; sourceTree = "<group>"; };
		36EF1BE8251D5145008BE0B0 /* GithubService.swift */ = {isa = PBXFileReference; lastKnownFileType = sourcecode.swift; path = GithubService.swift; sourceTree = "<group>"; };
		36EF1BF2251D5195008BE0B0 /* GithubAPI.swift */ = {isa = PBXFileReference; lastKnownFileType = sourcecode.swift; path = GithubAPI.swift; sourceTree = "<group>"; };
/* End PBXFileReference section */

/* Begin PBXFrameworksBuildPhase section */
		364D372A251C10A000C63C2C /* Frameworks */ = {
			isa = PBXFrameworksBuildPhase;
			buildActionMask = 2147483647;
			files = (
			);
			runOnlyForDeploymentPostprocessing = 0;
		};
		364D3740251C10A200C63C2C /* Frameworks */ = {
			isa = PBXFrameworksBuildPhase;
			buildActionMask = 2147483647;
			files = (
				361A93BB251D87FD0014B41C /* Quick in Frameworks */,
				361A93C4251D88460014B41C /* Nimble in Frameworks */,
			);
			runOnlyForDeploymentPostprocessing = 0;
		};
		364D374B251C10A200C63C2C /* Frameworks */ = {
			isa = PBXFrameworksBuildPhase;
			buildActionMask = 2147483647;
			files = (
			);
			runOnlyForDeploymentPostprocessing = 0;
		};
/* End PBXFrameworksBuildPhase section */

/* Begin PBXGroup section */
		361A93AC251D87420014B41C /* Mocks */ = {
			isa = PBXGroup;
			children = (
				361A93C8251D8A140014B41C /* Models */,
				361A93AD251D874A0014B41C /* Services */,
			);
			path = Mocks;
			sourceTree = "<group>";
		};
		361A93AD251D874A0014B41C /* Services */ = {
			isa = PBXGroup;
			children = (
				361A93AE251D87820014B41C /* ServiceMock.swift */,
				361A941F251D95DE0014B41C /* URLSessionMock.swift */,
				361A9424251DA2490014B41C /* URLSessionDataTaskMock.swift */,
			);
			path = Services;
			sourceTree = "<group>";
		};
		361A93C8251D8A140014B41C /* Models */ = {
			isa = PBXGroup;
			children = (
				361A93C9251D8B3B0014B41C /* ServiceModel.swift */,
			);
			path = Models;
			sourceTree = "<group>";
		};
		361A93D1251D8B9F0014B41C /* Specs */ = {
			isa = PBXGroup;
			children = (
				361A93D2251D8BAA0014B41C /* URLSessionProviderSpec.swift */,
			);
			path = Specs;
			sourceTree = "<group>";
		};
		361A93DD251D8C7F0014B41C /* Enums */ = {
			isa = PBXGroup;
			children = (
				361A93E1251D8CBA0014B41C /* HTTPMethod.swift */,
				361A93E6251D8CE40014B41C /* NetworkError.swift */,
				361A93EB251D8D260014B41C /* ParametersEncoding.swift */,
				361A93F0251D8D460014B41C /* Task.swift */,
				361A9409251D8E7D0014B41C /* NetworkResponse.swift */,
			);
			path = Enums;
			sourceTree = "<group>";
		};
		361A93DE251D8C860014B41C /* Protocols */ = {
			isa = PBXGroup;
			children = (
				361A93F5251D8D6B0014B41C /* ProviderProtocol.swift */,
				361A93FA251D8D890014B41C /* ServiceProtocol.swift */,
				361A93FF251D8DA50014B41C /* URLSessionProtocol.swift */,
				361A9429251DA2860014B41C /* URLSessionDataTaskProtocol.swift */,
			);
			path = Protocols;
			sourceTree = "<group>";
		};
		361A93DF251D8C910014B41C /* Provider */ = {
			isa = PBXGroup;
			children = (
				361A9404251D8DD10014B41C /* URLSessionProvider.swift */,
			);
			path = Provider;
			sourceTree = "<group>";
		};
		361A93E0251D8C980014B41C /* Services */ = {
			isa = PBXGroup;
			children = (
				36EF1BE8251D5145008BE0B0 /* GithubService.swift */,
			);
			path = Services;
			sourceTree = "<group>";
		};
		361A940E251D8F080014B41C /* Extensions */ = {
			isa = PBXGroup;
			children = (
				361A940F251D8F1E0014B41C /* URLComponents.swift */,
				361A9417251D8F400014B41C /* URLRequest.swift */,
			);
			path = Extensions;
			sourceTree = "<group>";
		};
		36268D77251C478400A8DFB8 /* Network */ = {
			isa = PBXGroup;
			children = (
				361A940E251D8F080014B41C /* Extensions */,
				361A93E0251D8C980014B41C /* Services */,
				361A93DF251D8C910014B41C /* Provider */,
				361A93DE251D8C860014B41C /* Protocols */,
				361A93DD251D8C7F0014B41C /* Enums */,
				36EF1BF2251D5195008BE0B0 /* GithubAPI.swift */,
			);
			path = Network;
			sourceTree = "<group>";
		};
		36268D78251C47D900A8DFB8 /* Repositories */ = {
			isa = PBXGroup;
			children = (
			);
			path = Repositories;
			sourceTree = "<group>";
		};
		364D3724251C10A000C63C2C = {
			isa = PBXGroup;
			children = (
				364D372F251C10A000C63C2C /* GithubRepoList */,
				364D3746251C10A200C63C2C /* GithubRepoListTests */,
				364D3751251C10A200C63C2C /* GithubRepoListUITests */,
				364D372E251C10A000C63C2C /* Products */,
			);
			sourceTree = "<group>";
		};
		364D372E251C10A000C63C2C /* Products */ = {
			isa = PBXGroup;
			children = (
				364D372D251C10A000C63C2C /* GithubRepoList.app */,
				364D3743251C10A200C63C2C /* GithubRepoListTests.xctest */,
				364D374E251C10A200C63C2C /* GithubRepoListUITests.xctest */,
			);
			name = Products;
			sourceTree = "<group>";
		};
		364D372F251C10A000C63C2C /* GithubRepoList */ = {
			isa = PBXGroup;
			children = (
				36268D78251C47D900A8DFB8 /* Repositories */,
				36268D77251C478400A8DFB8 /* Network */,
				364D3763251C11AA00C63C2C /* Resources */,
				364D3762251C119600C63C2C /* Controllers */,
				364D3761251C119000C63C2C /* Views */,
				364D3760251C118200C63C2C /* Models */,
				364D3730251C10A000C63C2C /* AppDelegate.swift */,
				364D3732251C10A000C63C2C /* SceneDelegate.swift */,
				364D373B251C10A200C63C2C /* LaunchScreen.storyboard */,
				364D373E251C10A200C63C2C /* Info.plist */,
			);
			path = GithubRepoList;
			sourceTree = "<group>";
		};
		364D3746251C10A200C63C2C /* GithubRepoListTests */ = {
			isa = PBXGroup;
			children = (
				361A93D1251D8B9F0014B41C /* Specs */,
				361A93AC251D87420014B41C /* Mocks */,
				364D376A251C161700C63C2C /* BaseViewControllerTests.swift */,
				364D3749251C10A200C63C2C /* Info.plist */,
				361A93A7251D86AF0014B41C /* QuickCustomAliases.swift */,
			);
			path = GithubRepoListTests;
			sourceTree = "<group>";
		};
		364D3751251C10A200C63C2C /* GithubRepoListUITests */ = {
			isa = PBXGroup;
			children = (
				364D3754251C10A200C63C2C /* Info.plist */,
			);
			path = GithubRepoListUITests;
			sourceTree = "<group>";
		};
		364D3760251C118200C63C2C /* Models */ = {
			isa = PBXGroup;
			children = (
				36268D72251C472800A8DFB8 /* Repository.swift */,
			);
			path = Models;
			sourceTree = "<group>";
		};
		364D3761251C119000C63C2C /* Views */ = {
			isa = PBXGroup;
			children = (
			);
			path = Views;
			sourceTree = "<group>";
		};
		364D3762251C119600C63C2C /* Controllers */ = {
			isa = PBXGroup;
			children = (
				364D3734251C10A000C63C2C /* BaseViewController.swift */,
			);
			path = Controllers;
			sourceTree = "<group>";
		};
		364D3763251C11AA00C63C2C /* Resources */ = {
			isa = PBXGroup;
			children = (
				364D3739251C10A200C63C2C /* Assets.xcassets */,
			);
			path = Resources;
			sourceTree = "<group>";
		};
/* End PBXGroup section */

/* Begin PBXNativeTarget section */
		364D372C251C10A000C63C2C /* GithubRepoList */ = {
			isa = PBXNativeTarget;
			buildConfigurationList = 364D3757251C10A200C63C2C /* Build configuration list for PBXNativeTarget "GithubRepoList" */;
			buildPhases = (
				364D3729251C10A000C63C2C /* Sources */,
				364D372A251C10A000C63C2C /* Frameworks */,
				364D372B251C10A000C63C2C /* Resources */,
			);
			buildRules = (
			);
			dependencies = (
			);
			name = GithubRepoList;
			packageProductDependencies = (
			);
			productName = GithubRepoList;
			productReference = 364D372D251C10A000C63C2C /* GithubRepoList.app */;
			productType = "com.apple.product-type.application";
		};
		364D3742251C10A200C63C2C /* GithubRepoListTests */ = {
			isa = PBXNativeTarget;
			buildConfigurationList = 364D375A251C10A200C63C2C /* Build configuration list for PBXNativeTarget "GithubRepoListTests" */;
			buildPhases = (
				364D373F251C10A200C63C2C /* Sources */,
				364D3740251C10A200C63C2C /* Frameworks */,
				364D3741251C10A200C63C2C /* Resources */,
			);
			buildRules = (
			);
			dependencies = (
				364D3745251C10A200C63C2C /* PBXTargetDependency */,
			);
			name = GithubRepoListTests;
			packageProductDependencies = (
				361A93BA251D87FD0014B41C /* Quick */,
				361A93C3251D88460014B41C /* Nimble */,
			);
			productName = GithubRepoListTests;
			productReference = 364D3743251C10A200C63C2C /* GithubRepoListTests.xctest */;
			productType = "com.apple.product-type.bundle.unit-test";
		};
		364D374D251C10A200C63C2C /* GithubRepoListUITests */ = {
			isa = PBXNativeTarget;
			buildConfigurationList = 364D375D251C10A200C63C2C /* Build configuration list for PBXNativeTarget "GithubRepoListUITests" */;
			buildPhases = (
				364D374A251C10A200C63C2C /* Sources */,
				364D374B251C10A200C63C2C /* Frameworks */,
				364D374C251C10A200C63C2C /* Resources */,
			);
			buildRules = (
			);
			dependencies = (
				364D3750251C10A200C63C2C /* PBXTargetDependency */,
			);
			name = GithubRepoListUITests;
			productName = GithubRepoListUITests;
			productReference = 364D374E251C10A200C63C2C /* GithubRepoListUITests.xctest */;
			productType = "com.apple.product-type.bundle.ui-testing";
		};
/* End PBXNativeTarget section */

/* Begin PBXProject section */
		364D3725251C10A000C63C2C /* Project object */ = {
			isa = PBXProject;
			attributes = {
				LastSwiftUpdateCheck = 1130;
				LastUpgradeCheck = 1200;
				ORGANIZATIONNAME = "Marcelo Hammes";
				TargetAttributes = {
					364D372C251C10A000C63C2C = {
						CreatedOnToolsVersion = 11.3.1;
					};
					364D3742251C10A200C63C2C = {
						CreatedOnToolsVersion = 11.3.1;
						TestTargetID = 364D372C251C10A000C63C2C;
					};
					364D374D251C10A200C63C2C = {
						CreatedOnToolsVersion = 11.3.1;
						TestTargetID = 364D372C251C10A000C63C2C;
					};
				};
			};
			buildConfigurationList = 364D3728251C10A000C63C2C /* Build configuration list for PBXProject "GithubRepoList" */;
			compatibilityVersion = "Xcode 9.3";
			developmentRegion = en;
			hasScannedForEncodings = 0;
			knownRegions = (
				en,
				Base,
			);
			mainGroup = 364D3724251C10A000C63C2C;
			packageReferences = (
				361A93B9251D87FD0014B41C /* XCRemoteSwiftPackageReference "Quick" */,
				361A93C2251D88460014B41C /* XCRemoteSwiftPackageReference "Nimble" */,
			);
			productRefGroup = 364D372E251C10A000C63C2C /* Products */;
			projectDirPath = "";
			projectRoot = "";
			targets = (
				364D372C251C10A000C63C2C /* GithubRepoList */,
				364D3742251C10A200C63C2C /* GithubRepoListTests */,
				364D374D251C10A200C63C2C /* GithubRepoListUITests */,
			);
		};
/* End PBXProject section */

/* Begin PBXResourcesBuildPhase section */
		364D372B251C10A000C63C2C /* Resources */ = {
			isa = PBXResourcesBuildPhase;
			buildActionMask = 2147483647;
			files = (
				364D373D251C10A200C63C2C /* LaunchScreen.storyboard in Resources */,
				364D373A251C10A200C63C2C /* Assets.xcassets in Resources */,
			);
			runOnlyForDeploymentPostprocessing = 0;
		};
		364D3741251C10A200C63C2C /* Resources */ = {
			isa = PBXResourcesBuildPhase;
			buildActionMask = 2147483647;
			files = (
			);
			runOnlyForDeploymentPostprocessing = 0;
		};
		364D374C251C10A200C63C2C /* Resources */ = {
			isa = PBXResourcesBuildPhase;
			buildActionMask = 2147483647;
			files = (
			);
			runOnlyForDeploymentPostprocessing = 0;
		};
/* End PBXResourcesBuildPhase section */

/* Begin PBXSourcesBuildPhase section */
		364D3729251C10A000C63C2C /* Sources */ = {
			isa = PBXSourcesBuildPhase;
			buildActionMask = 2147483647;
			files = (
				361A9400251D8DA50014B41C /* URLSessionProtocol.swift in Sources */,
				36268D73251C472800A8DFB8 /* Repository.swift in Sources */,
				364D3735251C10A000C63C2C /* BaseViewController.swift in Sources */,
				36EF1BE9251D5145008BE0B0 /* GithubService.swift in Sources */,
				361A9405251D8DD10014B41C /* URLSessionProvider.swift in Sources */,
				361A93F1251D8D460014B41C /* Task.swift in Sources */,
				361A93FB251D8D890014B41C /* ServiceProtocol.swift in Sources */,
				361A93F6251D8D6B0014B41C /* ProviderProtocol.swift in Sources */,
				361A9410251D8F1E0014B41C /* URLComponents.swift in Sources */,
				361A9418251D8F400014B41C /* URLRequest.swift in Sources */,
				361A93E2251D8CBA0014B41C /* HTTPMethod.swift in Sources */,
				364D3731251C10A000C63C2C /* AppDelegate.swift in Sources */,
				361A942A251DA2860014B41C /* URLSessionDataTaskProtocol.swift in Sources */,
				361A940A251D8E7D0014B41C /* NetworkResponse.swift in Sources */,
				361A93EC251D8D260014B41C /* ParametersEncoding.swift in Sources */,
				364D3733251C10A000C63C2C /* SceneDelegate.swift in Sources */,
				36EF1BF3251D5195008BE0B0 /* GithubAPI.swift in Sources */,
				361A93E7251D8CE40014B41C /* NetworkError.swift in Sources */,
			);
			runOnlyForDeploymentPostprocessing = 0;
		};
		364D373F251C10A200C63C2C /* Sources */ = {
			isa = PBXSourcesBuildPhase;
			buildActionMask = 2147483647;
			files = (
				361A9425251DA2490014B41C /* URLSessionDataTaskMock.swift in Sources */,
				361A9420251D95DE0014B41C /* URLSessionMock.swift in Sources */,
				361A93AF251D87820014B41C /* ServiceMock.swift in Sources */,
				361A93D3251D8BAA0014B41C /* URLSessionProviderSpec.swift in Sources */,
				364D376B251C161700C63C2C /* BaseViewControllerTests.swift in Sources */,
				361A93A8251D86AF0014B41C /* QuickCustomAliases.swift in Sources */,
				361A93CA251D8B3B0014B41C /* ServiceModel.swift in Sources */,
			);
			runOnlyForDeploymentPostprocessing = 0;
		};
		364D374A251C10A200C63C2C /* Sources */ = {
			isa = PBXSourcesBuildPhase;
			buildActionMask = 2147483647;
			files = (
			);
			runOnlyForDeploymentPostprocessing = 0;
		};
/* End PBXSourcesBuildPhase section */

/* Begin PBXTargetDependency section */
		364D3745251C10A200C63C2C /* PBXTargetDependency */ = {
			isa = PBXTargetDependency;
			target = 364D372C251C10A000C63C2C /* GithubRepoList */;
			targetProxy = 364D3744251C10A200C63C2C /* PBXContainerItemProxy */;
		};
		364D3750251C10A200C63C2C /* PBXTargetDependency */ = {
			isa = PBXTargetDependency;
			target = 364D372C251C10A000C63C2C /* GithubRepoList */;
			targetProxy = 364D374F251C10A200C63C2C /* PBXContainerItemProxy */;
		};
/* End PBXTargetDependency section */

/* Begin PBXVariantGroup section */
		364D373B251C10A200C63C2C /* LaunchScreen.storyboard */ = {
			isa = PBXVariantGroup;
			children = (
				364D373C251C10A200C63C2C /* Base */,
			);
			name = LaunchScreen.storyboard;
			sourceTree = "<group>";
		};
/* End PBXVariantGroup section */

/* Begin XCBuildConfiguration section */
		364D3755251C10A200C63C2C /* Debug */ = {
			isa = XCBuildConfiguration;
			buildSettings = {
				ALWAYS_SEARCH_USER_PATHS = NO;
				CLANG_ANALYZER_NONNULL = YES;
				CLANG_ANALYZER_NUMBER_OBJECT_CONVERSION = YES_AGGRESSIVE;
				CLANG_CXX_LANGUAGE_STANDARD = "gnu++14";
				CLANG_CXX_LIBRARY = "libc++";
				CLANG_ENABLE_MODULES = YES;
				CLANG_ENABLE_OBJC_ARC = YES;
				CLANG_ENABLE_OBJC_WEAK = YES;
				CLANG_WARN_BLOCK_CAPTURE_AUTORELEASING = YES;
				CLANG_WARN_BOOL_CONVERSION = YES;
				CLANG_WARN_COMMA = YES;
				CLANG_WARN_CONSTANT_CONVERSION = YES;
				CLANG_WARN_DEPRECATED_OBJC_IMPLEMENTATIONS = YES;
				CLANG_WARN_DIRECT_OBJC_ISA_USAGE = YES_ERROR;
				CLANG_WARN_DOCUMENTATION_COMMENTS = YES;
				CLANG_WARN_EMPTY_BODY = YES;
				CLANG_WARN_ENUM_CONVERSION = YES;
				CLANG_WARN_INFINITE_RECURSION = YES;
				CLANG_WARN_INT_CONVERSION = YES;
				CLANG_WARN_NON_LITERAL_NULL_CONVERSION = YES;
				CLANG_WARN_OBJC_IMPLICIT_RETAIN_SELF = YES;
				CLANG_WARN_OBJC_LITERAL_CONVERSION = YES;
				CLANG_WARN_OBJC_ROOT_CLASS = YES_ERROR;
				CLANG_WARN_QUOTED_INCLUDE_IN_FRAMEWORK_HEADER = YES;
				CLANG_WARN_RANGE_LOOP_ANALYSIS = YES;
				CLANG_WARN_STRICT_PROTOTYPES = YES;
				CLANG_WARN_SUSPICIOUS_MOVE = YES;
				CLANG_WARN_UNGUARDED_AVAILABILITY = YES_AGGRESSIVE;
				CLANG_WARN_UNREACHABLE_CODE = YES;
				CLANG_WARN__DUPLICATE_METHOD_MATCH = YES;
				COPY_PHASE_STRIP = NO;
				DEBUG_INFORMATION_FORMAT = dwarf;
				ENABLE_STRICT_OBJC_MSGSEND = YES;
				ENABLE_TESTABILITY = YES;
				GCC_C_LANGUAGE_STANDARD = gnu11;
				GCC_DYNAMIC_NO_PIC = NO;
				GCC_NO_COMMON_BLOCKS = YES;
				GCC_OPTIMIZATION_LEVEL = 0;
				GCC_PREPROCESSOR_DEFINITIONS = (
					"DEBUG=1",
					"$(inherited)",
				);
				GCC_WARN_64_TO_32_BIT_CONVERSION = YES;
				GCC_WARN_ABOUT_RETURN_TYPE = YES_ERROR;
				GCC_WARN_UNDECLARED_SELECTOR = YES;
				GCC_WARN_UNINITIALIZED_AUTOS = YES_AGGRESSIVE;
				GCC_WARN_UNUSED_FUNCTION = YES;
				GCC_WARN_UNUSED_VARIABLE = YES;
				IPHONEOS_DEPLOYMENT_TARGET = 13.0;
				MTL_ENABLE_DEBUG_INFO = INCLUDE_SOURCE;
				MTL_FAST_MATH = YES;
				ONLY_ACTIVE_ARCH = YES;
				SDKROOT = iphoneos;
				SWIFT_ACTIVE_COMPILATION_CONDITIONS = DEBUG;
				SWIFT_OPTIMIZATION_LEVEL = "-Onone";
			};
			name = Debug;
		};
		364D3756251C10A200C63C2C /* Release */ = {
			isa = XCBuildConfiguration;
			buildSettings = {
				ALWAYS_SEARCH_USER_PATHS = NO;
				CLANG_ANALYZER_NONNULL = YES;
				CLANG_ANALYZER_NUMBER_OBJECT_CONVERSION = YES_AGGRESSIVE;
				CLANG_CXX_LANGUAGE_STANDARD = "gnu++14";
				CLANG_CXX_LIBRARY = "libc++";
				CLANG_ENABLE_MODULES = YES;
				CLANG_ENABLE_OBJC_ARC = YES;
				CLANG_ENABLE_OBJC_WEAK = YES;
				CLANG_WARN_BLOCK_CAPTURE_AUTORELEASING = YES;
				CLANG_WARN_BOOL_CONVERSION = YES;
				CLANG_WARN_COMMA = YES;
				CLANG_WARN_CONSTANT_CONVERSION = YES;
				CLANG_WARN_DEPRECATED_OBJC_IMPLEMENTATIONS = YES;
				CLANG_WARN_DIRECT_OBJC_ISA_USAGE = YES_ERROR;
				CLANG_WARN_DOCUMENTATION_COMMENTS = YES;
				CLANG_WARN_EMPTY_BODY = YES;
				CLANG_WARN_ENUM_CONVERSION = YES;
				CLANG_WARN_INFINITE_RECURSION = YES;
				CLANG_WARN_INT_CONVERSION = YES;
				CLANG_WARN_NON_LITERAL_NULL_CONVERSION = YES;
				CLANG_WARN_OBJC_IMPLICIT_RETAIN_SELF = YES;
				CLANG_WARN_OBJC_LITERAL_CONVERSION = YES;
				CLANG_WARN_OBJC_ROOT_CLASS = YES_ERROR;
				CLANG_WARN_QUOTED_INCLUDE_IN_FRAMEWORK_HEADER = YES;
				CLANG_WARN_RANGE_LOOP_ANALYSIS = YES;
				CLANG_WARN_STRICT_PROTOTYPES = YES;
				CLANG_WARN_SUSPICIOUS_MOVE = YES;
				CLANG_WARN_UNGUARDED_AVAILABILITY = YES_AGGRESSIVE;
				CLANG_WARN_UNREACHABLE_CODE = YES;
				CLANG_WARN__DUPLICATE_METHOD_MATCH = YES;
				COPY_PHASE_STRIP = NO;
				DEBUG_INFORMATION_FORMAT = "dwarf-with-dsym";
				ENABLE_NS_ASSERTIONS = NO;
				ENABLE_STRICT_OBJC_MSGSEND = YES;
				GCC_C_LANGUAGE_STANDARD = gnu11;
				GCC_NO_COMMON_BLOCKS = YES;
				GCC_WARN_64_TO_32_BIT_CONVERSION = YES;
				GCC_WARN_ABOUT_RETURN_TYPE = YES_ERROR;
				GCC_WARN_UNDECLARED_SELECTOR = YES;
				GCC_WARN_UNINITIALIZED_AUTOS = YES_AGGRESSIVE;
				GCC_WARN_UNUSED_FUNCTION = YES;
				GCC_WARN_UNUSED_VARIABLE = YES;
				IPHONEOS_DEPLOYMENT_TARGET = 13.0;
				MTL_ENABLE_DEBUG_INFO = NO;
				MTL_FAST_MATH = YES;
				SDKROOT = iphoneos;
				SWIFT_COMPILATION_MODE = wholemodule;
				SWIFT_OPTIMIZATION_LEVEL = "-O";
				VALIDATE_PRODUCT = YES;
			};
			name = Release;
		};
		364D3758251C10A200C63C2C /* Debug */ = {
			isa = XCBuildConfiguration;
			buildSettings = {
				ASSETCATALOG_COMPILER_APPICON_NAME = AppIcon;
				CODE_SIGN_STYLE = Automatic;
				DEVELOPMENT_TEAM = LGQ4B5FPUG;
				INFOPLIST_FILE = GithubRepoList/Info.plist;
				IPHONEOS_DEPLOYMENT_TARGET = 13.0;
				LD_RUNPATH_SEARCH_PATHS = (
					"$(inherited)",
					"@executable_path/Frameworks",
				);
				PRODUCT_BUNDLE_IDENTIFIER = "com.marcelo-hammes.GithubRepoList";
				PRODUCT_NAME = "$(TARGET_NAME)";
				SWIFT_VERSION = 5.0;
				TARGETED_DEVICE_FAMILY = "1,2";
			};
			name = Debug;
		};
		364D3759251C10A200C63C2C /* Release */ = {
			isa = XCBuildConfiguration;
			buildSettings = {
				ASSETCATALOG_COMPILER_APPICON_NAME = AppIcon;
				CODE_SIGN_STYLE = Automatic;
				DEVELOPMENT_TEAM = LGQ4B5FPUG;
				INFOPLIST_FILE = GithubRepoList/Info.plist;
				IPHONEOS_DEPLOYMENT_TARGET = 13.0;
				LD_RUNPATH_SEARCH_PATHS = (
					"$(inherited)",
					"@executable_path/Frameworks",
				);
				PRODUCT_BUNDLE_IDENTIFIER = "com.marcelo-hammes.GithubRepoList";
				PRODUCT_NAME = "$(TARGET_NAME)";
				SWIFT_VERSION = 5.0;
				TARGETED_DEVICE_FAMILY = "1,2";
			};
			name = Release;
		};
		364D375B251C10A200C63C2C /* Debug */ = {
			isa = XCBuildConfiguration;
			buildSettings = {
				ALWAYS_EMBED_SWIFT_STANDARD_LIBRARIES = YES;
				BUNDLE_LOADER = "$(TEST_HOST)";
				CODE_SIGN_STYLE = Automatic;
				DEVELOPMENT_TEAM = LGQ4B5FPUG;
				INFOPLIST_FILE = GithubRepoListTests/Info.plist;
				IPHONEOS_DEPLOYMENT_TARGET = 13.0;
				LD_RUNPATH_SEARCH_PATHS = (
					"$(inherited)",
					"@executable_path/Frameworks",
					"@loader_path/Frameworks",
				);
				PRODUCT_BUNDLE_IDENTIFIER = "com.marcelo-hammes.GithubRepoListTests";
				PRODUCT_NAME = "$(TARGET_NAME)";
				SWIFT_VERSION = 5.0;
				TARGETED_DEVICE_FAMILY = "1,2";
				TEST_HOST = "$(BUILT_PRODUCTS_DIR)/GithubRepoList.app/GithubRepoList";
			};
			name = Debug;
		};
		364D375C251C10A200C63C2C /* Release */ = {
			isa = XCBuildConfiguration;
			buildSettings = {
				ALWAYS_EMBED_SWIFT_STANDARD_LIBRARIES = YES;
				BUNDLE_LOADER = "$(TEST_HOST)";
				CODE_SIGN_STYLE = Automatic;
				DEVELOPMENT_TEAM = LGQ4B5FPUG;
				INFOPLIST_FILE = GithubRepoListTests/Info.plist;
				IPHONEOS_DEPLOYMENT_TARGET = 13.0;
				LD_RUNPATH_SEARCH_PATHS = (
					"$(inherited)",
					"@executable_path/Frameworks",
					"@loader_path/Frameworks",
				);
				PRODUCT_BUNDLE_IDENTIFIER = "com.marcelo-hammes.GithubRepoListTests";
				PRODUCT_NAME = "$(TARGET_NAME)";
				SWIFT_VERSION = 5.0;
				TARGETED_DEVICE_FAMILY = "1,2";
				TEST_HOST = "$(BUILT_PRODUCTS_DIR)/GithubRepoList.app/GithubRepoList";
			};
			name = Release;
		};
		364D375E251C10A200C63C2C /* Debug */ = {
			isa = XCBuildConfiguration;
			buildSettings = {
				ALWAYS_EMBED_SWIFT_STANDARD_LIBRARIES = YES;
				CODE_SIGN_STYLE = Automatic;
				DEVELOPMENT_TEAM = LGQ4B5FPUG;
				INFOPLIST_FILE = GithubRepoListUITests/Info.plist;
				LD_RUNPATH_SEARCH_PATHS = (
					"$(inherited)",
					"@executable_path/Frameworks",
					"@loader_path/Frameworks",
				);
				PRODUCT_BUNDLE_IDENTIFIER = "com.marcelo-hammes.GithubRepoListUITests";
				PRODUCT_NAME = "$(TARGET_NAME)";
				SWIFT_VERSION = 5.0;
				TARGETED_DEVICE_FAMILY = "1,2";
				TEST_TARGET_NAME = GithubRepoList;
			};
			name = Debug;
		};
		364D375F251C10A200C63C2C /* Release */ = {
			isa = XCBuildConfiguration;
			buildSettings = {
				ALWAYS_EMBED_SWIFT_STANDARD_LIBRARIES = YES;
				CODE_SIGN_STYLE = Automatic;
				DEVELOPMENT_TEAM = LGQ4B5FPUG;
				INFOPLIST_FILE = GithubRepoListUITests/Info.plist;
				LD_RUNPATH_SEARCH_PATHS = (
					"$(inherited)",
					"@executable_path/Frameworks",
					"@loader_path/Frameworks",
				);
				PRODUCT_BUNDLE_IDENTIFIER = "com.marcelo-hammes.GithubRepoListUITests";
				PRODUCT_NAME = "$(TARGET_NAME)";
				SWIFT_VERSION = 5.0;
				TARGETED_DEVICE_FAMILY = "1,2";
				TEST_TARGET_NAME = GithubRepoList;
			};
			name = Release;
		};
/* End XCBuildConfiguration section */

/* Begin XCConfigurationList section */
		364D3728251C10A000C63C2C /* Build configuration list for PBXProject "GithubRepoList" */ = {
			isa = XCConfigurationList;
			buildConfigurations = (
				364D3755251C10A200C63C2C /* Debug */,
				364D3756251C10A200C63C2C /* Release */,
			);
			defaultConfigurationIsVisible = 0;
			defaultConfigurationName = Release;
		};
		364D3757251C10A200C63C2C /* Build configuration list for PBXNativeTarget "GithubRepoList" */ = {
			isa = XCConfigurationList;
			buildConfigurations = (
				364D3758251C10A200C63C2C /* Debug */,
				364D3759251C10A200C63C2C /* Release */,
			);
			defaultConfigurationIsVisible = 0;
			defaultConfigurationName = Release;
		};
		364D375A251C10A200C63C2C /* Build configuration list for PBXNativeTarget "GithubRepoListTests" */ = {
			isa = XCConfigurationList;
			buildConfigurations = (
				364D375B251C10A200C63C2C /* Debug */,
				364D375C251C10A200C63C2C /* Release */,
			);
			defaultConfigurationIsVisible = 0;
			defaultConfigurationName = Release;
		};
		364D375D251C10A200C63C2C /* Build configuration list for PBXNativeTarget "GithubRepoListUITests" */ = {
			isa = XCConfigurationList;
			buildConfigurations = (
				364D375E251C10A200C63C2C /* Debug */,
				364D375F251C10A200C63C2C /* Release */,
			);
			defaultConfigurationIsVisible = 0;
			defaultConfigurationName = Release;
		};
/* End XCConfigurationList section */

/* Begin XCRemoteSwiftPackageReference section */
		361A93B9251D87FD0014B41C /* XCRemoteSwiftPackageReference "Quick" */ = {
			isa = XCRemoteSwiftPackageReference;
			repositoryURL = "https://github.com/Quick/Quick.git";
			requirement = {
				kind = upToNextMajorVersion;
				minimumVersion = 3.0.0;
			};
		};
		361A93C2251D88460014B41C /* XCRemoteSwiftPackageReference "Nimble" */ = {
			isa = XCRemoteSwiftPackageReference;
			repositoryURL = "https://github.com/Quick/Nimble.git";
			requirement = {
				kind = upToNextMajorVersion;
				minimumVersion = 8.1.2;
			};
		};
/* End XCRemoteSwiftPackageReference section */

/* Begin XCSwiftPackageProductDependency section */
		361A93BA251D87FD0014B41C /* Quick */ = {
			isa = XCSwiftPackageProductDependency;
			package = 361A93B9251D87FD0014B41C /* XCRemoteSwiftPackageReference "Quick" */;
			productName = Quick;
		};
		361A93C3251D88460014B41C /* Nimble */ = {
			isa = XCSwiftPackageProductDependency;
			package = 361A93C2251D88460014B41C /* XCRemoteSwiftPackageReference "Nimble" */;
			productName = Nimble;
		};
/* End XCSwiftPackageProductDependency section */
	};
	rootObject = 364D3725251C10A000C63C2C /* Project object */;
}
